
Microsoft Visual Studio Solution File, Format Version 12.00
# Visual Studio Version 16
VisualStudioVersion = 16.0.30011.22
MinimumVisualStudioVersion = 10.0.40219.1
Project("{FAE04EC0-301F-11D3-BF4B-00C04F79EFBC}") = "A_Mov_1", "A_Mov_1\A_Mov_1.csproj", "{5314284A-9DEF-4AD7-9D6E-40EBF0B6C0C2}"
EndProject
Global
	GlobalSection(SolutionConfigurationPlatforms) = preSolution
		Debug|Any CPU = Debug|Any CPU
		Release|Any CPU = Release|Any CPU
	EndGlobalSection
	GlobalSection(ProjectConfigurationPlatforms) = postSolution
		{5314284A-9DEF-4AD7-9D6E-40EBF0B6C0C2}.Debug|Any CPU.ActiveCfg = Debug|Any CPU
		{5314284A-9DEF-4AD7-9D6E-40EBF0B6C0C2}.Debug|Any CPU.Build.0 = Debug|Any CPU
		{5314284A-9DEF-4AD7-9D6E-40EBF0B6C0C2}.Release|Any CPU.ActiveCfg = Release|Any CPU
		{5314284A-9DEF-4AD7-9D6E-40EBF0B6C0C2}.Release|Any CPU.Build.0 = Release|Any CPU
	EndGlobalSection
	GlobalSection(SolutionProperties) = preSolution
		HideSolutionNode = FALSE
	EndGlobalSection
	GlobalSection(ExtensibilityGlobals) = postSolution
		SolutionGuid = {38B4B3D0-12A1-4379-ACA3-1FE553354658}
	EndGlobalSection
EndGlobal
